{
  "pins" : [
    {
      "identity" : "musicxml",
      "kind" : "remoteSourceControl",
      "location" : "https://github.com/dn-m/MusicXML",
      "state" : {
        "branch" : "latest",
        "revision" : "bd65d614b34fb6fc842e63eca40c8cb2e975d81a"
      }
    },
    {
      "identity" : "xmlcoder",
      "kind" : "remoteSourceControl",
      "location" : "https://github.com/MaxDesiatov/XMLCoder",
      "state" : {
        "revision" : "c438dad94f6a243b411b70a4b4bac54595064808",
        "version" : "0.15.0"
      }
    },
    {
      "identity" : "yams",
      "kind" : "remoteSourceControl",
      "location" : "https://github.com/jpsim/Yams.git",
      "state" : {
        "revision" : "c947a306d2e80ecb2c0859047b35c73b8e1ca27f",
        "version" : "2.0.0"
      }
    }
  ],
  "version" : 2
}
