// !$*UTF8*$!
{
	archiveVersion = 1;
	classes = {
	};
	objectVersion = 56;
	objects = {

/* Begin PBXBuildFile section */
		0E7F161329ACC0D70067AEA2 /* YDP-GrandPiano-20160804.sf2 in Resources */ = {isa = PBXBuildFile; fileRef = 0E7F161229ACC0D70067AEA2 /* YDP-GrandPiano-20160804.sf2 */; };
		0E7F161729ACC1B70067AEA2 /* ScaleModel.swift in Sources */ = {isa = PBXBuildFile; fileRef = 0E7F161629ACC1B70067AEA2 /* ScaleModel.swift */; };
		0E7F162729ACC2000067AEA2 /* WorkScore.swift in Sources */ = {isa = PBXBuildFile; fileRef = 0E7F161929ACC2000067AEA2 /* WorkScore.swift */; };
		0E7F162829ACC2000067AEA2 /* NoteScore.swift in Sources */ = {isa = PBXBuildFile; fileRef = 0E7F161A29ACC2000067AEA2 /* NoteScore.swift */; };
		0E7F162929ACC2000067AEA2 /* BeatTypeModel.swift in Sources */ = {isa = PBXBuildFile; fileRef = 0E7F161B29ACC2000067AEA2 /* BeatTypeModel.swift */; };
		0E7F162A29ACC2000067AEA2 /* PartScore.swift in Sources */ = {isa = PBXBuildFile; fileRef = 0E7F161C29ACC2000067AEA2 /* PartScore.swift */; };
		0E7F162B29ACC2000067AEA2 /* ParserBase.swift in Sources */ = {isa = PBXBuildFile; fileRef = 0E7F161D29ACC2000067AEA2 /* ParserBase.swift */; };
		0E7F162C29ACC2000067AEA2 /* BackupScore.swift in Sources */ = {isa = PBXBuildFile; fileRef = 0E7F161E29ACC2000067AEA2 /* BackupScore.swift */; };
		0E7F162D29ACC2000067AEA2 /* ScorePartwise.swift in Sources */ = {isa = PBXBuildFile; fileRef = 0E7F161F29ACC2000067AEA2 /* ScorePartwise.swift */; };
		0E7F162E29ACC2000067AEA2 /* TimeScore.swift in Sources */ = {isa = PBXBuildFile; fileRef = 0E7F162029ACC2000067AEA2 /* TimeScore.swift */; };
		0E7F162F29ACC2000067AEA2 /* ClefScore.swift in Sources */ = {isa = PBXBuildFile; fileRef = 0E7F162129ACC2000067AEA2 /* ClefScore.swift */; };
		0E7F163029ACC2000067AEA2 /* NotationsScore.swift in Sources */ = {isa = PBXBuildFile; fileRef = 0E7F162229ACC2000067AEA2 /* NotationsScore.swift */; };
		0E7F163129ACC2000067AEA2 /* KeyScore.swift in Sources */ = {isa = PBXBuildFile; fileRef = 0E7F162329ACC2000067AEA2 /* KeyScore.swift */; };
		0E7F163229ACC2000067AEA2 /* MeasureScore.swift in Sources */ = {isa = PBXBuildFile; fileRef = 0E7F162429ACC2000067AEA2 /* MeasureScore.swift */; };
		0E7F163329ACC2000067AEA2 /* PitchScore.swift in Sources */ = {isa = PBXBuildFile; fileRef = 0E7F162529ACC2000067AEA2 /* PitchScore.swift */; };
		0E7F163429ACC2000067AEA2 /* AttributeScore.swift in Sources */ = {isa = PBXBuildFile; fileRef = 0E7F162629ACC2000067AEA2 /* AttributeScore.swift */; };
		0E7F163829ACC2600067AEA2 /* ParserManager.swift in Sources */ = {isa = PBXBuildFile; fileRef = 0E7F163629ACC2600067AEA2 /* ParserManager.swift */; };
		0E7F163929ACC2600067AEA2 /* MusicManager.swift in Sources */ = {isa = PBXBuildFile; fileRef = 0E7F163729ACC2600067AEA2 /* MusicManager.swift */; };
		0E7F163C29ACC2AE0067AEA2 /* MidiParser in Frameworks */ = {isa = PBXBuildFile; productRef = 0E7F163B29ACC2AE0067AEA2 /* MidiParser */; };
		0E7F164729ACC2E60067AEA2 /* Echigo-Jishi.musicxml in Resources */ = {isa = PBXBuildFile; fileRef = 0E7F163E29ACC2E60067AEA2 /* Echigo-Jishi.musicxml */; };
		0E7F164829ACC2E60067AEA2 /* Chant.musicxml in Resources */ = {isa = PBXBuildFile; fileRef = 0E7F163F29ACC2E60067AEA2 /* Chant.musicxml */; };
		0E7F164929ACC2E60067AEA2 /* MozartPianoSonata.musicxml in Resources */ = {isa = PBXBuildFile; fileRef = 0E7F164029ACC2E60067AEA2 /* MozartPianoSonata.musicxml */; };
		0E7F164A29ACC2E60067AEA2 /* BrookeWestSample.musicxml in Resources */ = {isa = PBXBuildFile; fileRef = 0E7F164129ACC2E60067AEA2 /* BrookeWestSample.musicxml */; };
		0E7F164B29ACC2E60067AEA2 /* for_elise_by_beethoven.musicxml in Resources */ = {isa = PBXBuildFile; fileRef = 0E7F164229ACC2E60067AEA2 /* for_elise_by_beethoven.musicxml */; };
		0E7F164C29ACC2E60067AEA2 /* test5.musicxml in Resources */ = {isa = PBXBuildFile; fileRef = 0E7F164329ACC2E60067AEA2 /* test5.musicxml */; };
		0E7F164D29ACC2E60067AEA2 /* BrahWiMeSample.musicxml in Resources */ = {isa = PBXBuildFile; fileRef = 0E7F164429ACC2E60067AEA2 /* BrahWiMeSample.musicxml */; };
		0E7F164E29ACC2E60067AEA2 /* MozaChloSample.musicxml in Resources */ = {isa = PBXBuildFile; fileRef = 0E7F164529ACC2E60067AEA2 /* MozaChloSample.musicxml */; };
		0E7F164F29ACC2E60067AEA2 /* HelloWorld.musicxml in Resources */ = {isa = PBXBuildFile; fileRef = 0E7F164629ACC2E60067AEA2 /* HelloWorld.musicxml */; };
		0E7F165429ACC3340067AEA2 /* MidiModel.swift in Sources */ = {isa = PBXBuildFile; fileRef = 0E7F165129ACC3340067AEA2 /* MidiModel.swift */; };
		0E7F165529ACC3340067AEA2 /* ScoreModel2.swift in Sources */ = {isa = PBXBuildFile; fileRef = 0E7F165229ACC3340067AEA2 /* ScoreModel2.swift */; };
		0E7F165629ACC3340067AEA2 /* ScoreFinalModel.swift in Sources */ = {isa = PBXBuildFile; fileRef = 0E7F165329ACC3340067AEA2 /* ScoreFinalModel.swift */; };
		0EAFED9629A8DB6E00EFAD2B /* ScoreStore.swift in Sources */ = {isa = PBXBuildFile; fileRef = 0EAFED9529A8DB6E00EFAD2B /* ScoreStore.swift */; };
		0EB092CB29AA2BF00041C330 /* SettingView.swift in Sources */ = {isa = PBXBuildFile; fileRef = 0EB092CA29AA2BF00041C330 /* SettingView.swift */; };
		0EB0970F29A7DEC500D3EDD3 /* Database.xcdatamodeld in Sources */ = {isa = PBXBuildFile; fileRef = 0EB0970D29A7DEC500D3EDD3 /* Database.xcdatamodeld */; };
		0EB0971129A7DECF00D3EDD3 /* Persistence.swift in Sources */ = {isa = PBXBuildFile; fileRef = 0EB0971029A7DECF00D3EDD3 /* Persistence.swift */; };
		0ECBA2E329A969BB009BA16C /* ScoreView.swift in Sources */ = {isa = PBXBuildFile; fileRef = 0ECBA2E229A969BB009BA16C /* ScoreView.swift */; };
		0ECBA2E529A97C5B009BA16C /* ScoreModel.swift in Sources */ = {isa = PBXBuildFile; fileRef = 0ECBA2E429A97C5B009BA16C /* ScoreModel.swift */; };
		0ECBA2E929A97E56009BA16C /* MusicXML in Frameworks */ = {isa = PBXBuildFile; productRef = 0ECBA2E829A97E56009BA16C /* MusicXML */; };
		0ED4ABB929ACC41A001D6C10 /* Model.swift in Sources */ = {isa = PBXBuildFile; fileRef = 0ED4ABB629ACC41A001D6C10 /* Model.swift */; };
		0ED4ABBA29ACC41A001D6C10 /* beatDown.wav in Resources */ = {isa = PBXBuildFile; fileRef = 0ED4ABB729ACC41A001D6C10 /* beatDown.wav */; };
		0ED4ABBB29ACC41A001D6C10 /* beatUp.wav in Resources */ = {isa = PBXBuildFile; fileRef = 0ED4ABB829ACC41A001D6C10 /* beatUp.wav */; };
		0ED9F84929ADF42D0042BCFC /* Localizable.strings in Resources */ = {isa = PBXBuildFile; fileRef = 0ED9F84529ADF42D0042BCFC /* Localizable.strings */; };
		0ED9F86029ADFE240042BCFC /* Localizable.strings in Resources */ = {isa = PBXBuildFile; fileRef = 0ED9F84F29ADFE240042BCFC /* Localizable.strings */; };
		0ED9F86129ADFE240042BCFC /* Localizable.strings in Resources */ = {isa = PBXBuildFile; fileRef = 0ED9F85229ADFE240042BCFC /* Localizable.strings */; };
		0ED9F86229ADFE240042BCFC /* Localizable(italiano).strings in Resources */ = {isa = PBXBuildFile; fileRef = 0ED9F85529ADFE240042BCFC /* Localizable(italiano).strings */; };
		0ED9F86329ADFE240042BCFC /* Localizable.strings in Resources */ = {isa = PBXBuildFile; fileRef = 0ED9F85729ADFE240042BCFC /* Localizable.strings */; };
		0ED9F86429ADFE240042BCFC /* InfoPlist.strings in Resources */ = {isa = PBXBuildFile; fileRef = 0ED9F85929ADFE240042BCFC /* InfoPlist.strings */; };
		0ED9F86529ADFE240042BCFC /* Localizable(italiano).strings in Resources */ = {isa = PBXBuildFile; fileRef = 0ED9F85C29ADFE240042BCFC /* Localizable(italiano).strings */; };
		0ED9F86629ADFE240042BCFC /* Localizable.strings in Resources */ = {isa = PBXBuildFile; fileRef = 0ED9F85E29ADFE240042BCFC /* Localizable.strings */; };
		0EDCD076299A4EF100E4AF25 /* MC3App.swift in Sources */ = {isa = PBXBuildFile; fileRef = 0EDCD075299A4EF100E4AF25 /* MC3App.swift */; };
		0EDCD078299A4EF100E4AF25 /* LibraryView.swift in Sources */ = {isa = PBXBuildFile; fileRef = 0EDCD077299A4EF100E4AF25 /* LibraryView.swift */; };
		0EDCD07A299A4EF200E4AF25 /* Assets.xcassets in Resources */ = {isa = PBXBuildFile; fileRef = 0EDCD079299A4EF200E4AF25 /* Assets.xcassets */; };
		0EDCD07D299A4EF200E4AF25 /* Preview Assets.xcassets in Resources */ = {isa = PBXBuildFile; fileRef = 0EDCD07C299A4EF200E4AF25 /* Preview Assets.xcassets */; };
/* End PBXBuildFile section */

/* Begin PBXFileReference section */
		0E7F161229ACC0D70067AEA2 /* YDP-GrandPiano-20160804.sf2 */ = {isa = PBXFileReference; lastKnownFileType = file; path = "YDP-GrandPiano-20160804.sf2"; sourceTree = "<group>"; };
		0E7F161629ACC1B70067AEA2 /* ScaleModel.swift */ = {isa = PBXFileReference; fileEncoding = 4; lastKnownFileType = sourcecode.swift; path = ScaleModel.swift; sourceTree = "<group>"; };
		0E7F161929ACC2000067AEA2 /* WorkScore.swift */ = {isa = PBXFileReference; fileEncoding = 4; lastKnownFileType = sourcecode.swift; path = WorkScore.swift; sourceTree = "<group>"; };
		0E7F161A29ACC2000067AEA2 /* NoteScore.swift */ = {isa = PBXFileReference; fileEncoding = 4; lastKnownFileType = sourcecode.swift; path = NoteScore.swift; sourceTree = "<group>"; };
		0E7F161B29ACC2000067AEA2 /* BeatTypeModel.swift */ = {isa = PBXFileReference; fileEncoding = 4; lastKnownFileType = sourcecode.swift; path = BeatTypeModel.swift; sourceTree = "<group>"; };
		0E7F161C29ACC2000067AEA2 /* PartScore.swift */ = {isa = PBXFileReference; fileEncoding = 4; lastKnownFileType = sourcecode.swift; path = PartScore.swift; sourceTree = "<group>"; };
		0E7F161D29ACC2000067AEA2 /* ParserBase.swift */ = {isa = PBXFileReference; fileEncoding = 4; lastKnownFileType = sourcecode.swift; path = ParserBase.swift; sourceTree = "<group>"; };
		0E7F161E29ACC2000067AEA2 /* BackupScore.swift */ = {isa = PBXFileReference; fileEncoding = 4; lastKnownFileType = sourcecode.swift; path = BackupScore.swift; sourceTree = "<group>"; };
		0E7F161F29ACC2000067AEA2 /* ScorePartwise.swift */ = {isa = PBXFileReference; fileEncoding = 4; lastKnownFileType = sourcecode.swift; path = ScorePartwise.swift; sourceTree = "<group>"; };
		0E7F162029ACC2000067AEA2 /* TimeScore.swift */ = {isa = PBXFileReference; fileEncoding = 4; lastKnownFileType = sourcecode.swift; path = TimeScore.swift; sourceTree = "<group>"; };
		0E7F162129ACC2000067AEA2 /* ClefScore.swift */ = {isa = PBXFileReference; fileEncoding = 4; lastKnownFileType = sourcecode.swift; path = ClefScore.swift; sourceTree = "<group>"; };
		0E7F162229ACC2000067AEA2 /* NotationsScore.swift */ = {isa = PBXFileReference; fileEncoding = 4; lastKnownFileType = sourcecode.swift; path = NotationsScore.swift; sourceTree = "<group>"; };
		0E7F162329ACC2000067AEA2 /* KeyScore.swift */ = {isa = PBXFileReference; fileEncoding = 4; lastKnownFileType = sourcecode.swift; path = KeyScore.swift; sourceTree = "<group>"; };
		0E7F162429ACC2000067AEA2 /* MeasureScore.swift */ = {isa = PBXFileReference; fileEncoding = 4; lastKnownFileType = sourcecode.swift; path = MeasureScore.swift; sourceTree = "<group>"; };
		0E7F162529ACC2000067AEA2 /* PitchScore.swift */ = {isa = PBXFileReference; fileEncoding = 4; lastKnownFileType = sourcecode.swift; path = PitchScore.swift; sourceTree = "<group>"; };
		0E7F162629ACC2000067AEA2 /* AttributeScore.swift */ = {isa = PBXFileReference; fileEncoding = 4; lastKnownFileType = sourcecode.swift; path = AttributeScore.swift; sourceTree = "<group>"; };
		0E7F163629ACC2600067AEA2 /* ParserManager.swift */ = {isa = PBXFileReference; fileEncoding = 4; lastKnownFileType = sourcecode.swift; path = ParserManager.swift; sourceTree = "<group>"; };
		0E7F163729ACC2600067AEA2 /* MusicManager.swift */ = {isa = PBXFileReference; fileEncoding = 4; lastKnownFileType = sourcecode.swift; path = MusicManager.swift; sourceTree = "<group>"; };
		0E7F163E29ACC2E60067AEA2 /* Echigo-Jishi.musicxml */ = {isa = PBXFileReference; fileEncoding = 4; lastKnownFileType = text.xml; path = "Echigo-Jishi.musicxml"; sourceTree = "<group>"; };
		0E7F163F29ACC2E60067AEA2 /* Chant.musicxml */ = {isa = PBXFileReference; fileEncoding = 4; lastKnownFileType = text.xml; path = Chant.musicxml; sourceTree = "<group>"; };
		0E7F164029ACC2E60067AEA2 /* MozartPianoSonata.musicxml */ = {isa = PBXFileReference; fileEncoding = 4; lastKnownFileType = text.xml; path = MozartPianoSonata.musicxml; sourceTree = "<group>"; };
		0E7F164129ACC2E60067AEA2 /* BrookeWestSample.musicxml */ = {isa = PBXFileReference; fileEncoding = 4; lastKnownFileType = text.xml; path = BrookeWestSample.musicxml; sourceTree = "<group>"; };
		0E7F164229ACC2E60067AEA2 /* for_elise_by_beethoven.musicxml */ = {isa = PBXFileReference; fileEncoding = 4; lastKnownFileType = text.xml; path = for_elise_by_beethoven.musicxml; sourceTree = "<group>"; };
		0E7F164329ACC2E60067AEA2 /* test5.musicxml */ = {isa = PBXFileReference; fileEncoding = 4; lastKnownFileType = text.xml; path = test5.musicxml; sourceTree = "<group>"; };
		0E7F164429ACC2E60067AEA2 /* BrahWiMeSample.musicxml */ = {isa = PBXFileReference; fileEncoding = 4; lastKnownFileType = text.xml; path = BrahWiMeSample.musicxml; sourceTree = "<group>"; };
		0E7F164529ACC2E60067AEA2 /* MozaChloSample.musicxml */ = {isa = PBXFileReference; fileEncoding = 4; lastKnownFileType = text.xml; path = MozaChloSample.musicxml; sourceTree = "<group>"; };
		0E7F164629ACC2E60067AEA2 /* HelloWorld.musicxml */ = {isa = PBXFileReference; fileEncoding = 4; lastKnownFileType = text.xml; path = HelloWorld.musicxml; sourceTree = "<group>"; };
		0E7F165129ACC3340067AEA2 /* MidiModel.swift */ = {isa = PBXFileReference; fileEncoding = 4; lastKnownFileType = sourcecode.swift; path = MidiModel.swift; sourceTree = "<group>"; };
		0E7F165229ACC3340067AEA2 /* ScoreModel2.swift */ = {isa = PBXFileReference; fileEncoding = 4; lastKnownFileType = sourcecode.swift; path = ScoreModel2.swift; sourceTree = "<group>"; };
		0E7F165329ACC3340067AEA2 /* ScoreFinalModel.swift */ = {isa = PBXFileReference; fileEncoding = 4; lastKnownFileType = sourcecode.swift; path = ScoreFinalModel.swift; sourceTree = "<group>"; };
		0EAFED9529A8DB6E00EFAD2B /* ScoreStore.swift */ = {isa = PBXFileReference; lastKnownFileType = sourcecode.swift; path = ScoreStore.swift; sourceTree = "<group>"; };
		0EB092CA29AA2BF00041C330 /* SettingView.swift */ = {isa = PBXFileReference; lastKnownFileType = sourcecode.swift; path = SettingView.swift; sourceTree = "<group>"; };
		0EB0970E29A7DEC500D3EDD3 /* Database.xcdatamodel */ = {isa = PBXFileReference; lastKnownFileType = wrapper.xcdatamodel; path = Database.xcdatamodel; sourceTree = "<group>"; };
		0EB0971029A7DECF00D3EDD3 /* Persistence.swift */ = {isa = PBXFileReference; fileEncoding = 4; lastKnownFileType = sourcecode.swift; path = Persistence.swift; sourceTree = "<group>"; };
		0EB0971229A7E05B00D3EDD3 /* Info.plist */ = {isa = PBXFileReference; lastKnownFileType = text.plist; path = Info.plist; sourceTree = "<group>"; };
		0ECBA2E129A954BE009BA16C /* MC3.entitlements */ = {isa = PBXFileReference; lastKnownFileType = text.plist.entitlements; path = MC3.entitlements; sourceTree = "<group>"; };
		0ECBA2E229A969BB009BA16C /* ScoreView.swift */ = {isa = PBXFileReference; lastKnownFileType = sourcecode.swift; path = ScoreView.swift; sourceTree = "<group>"; };
		0ECBA2E429A97C5B009BA16C /* ScoreModel.swift */ = {isa = PBXFileReference; lastKnownFileType = sourcecode.swift; path = ScoreModel.swift; sourceTree = "<group>"; };
		0ED4ABB629ACC41A001D6C10 /* Model.swift */ = {isa = PBXFileReference; fileEncoding = 4; lastKnownFileType = sourcecode.swift; path = Model.swift; sourceTree = "<group>"; };
		0ED4ABB729ACC41A001D6C10 /* beatDown.wav */ = {isa = PBXFileReference; lastKnownFileType = audio.wav; path = beatDown.wav; sourceTree = "<group>"; };
		0ED4ABB829ACC41A001D6C10 /* beatUp.wav */ = {isa = PBXFileReference; lastKnownFileType = audio.wav; path = beatUp.wav; sourceTree = "<group>"; };
		0ED9F84729ADF42D0042BCFC /* fa */ = {isa = PBXFileReference; lastKnownFileType = text.plist.strings; name = fa; path = Languages/fa.lproj/Localizable.strings; sourceTree = "<group>"; };
		0ED9F84829ADF42D0042BCFC /* en */ = {isa = PBXFileReference; lastKnownFileType = text.plist.strings; name = en; path = Languages/en.lproj/Localizable.strings; sourceTree = "<group>"; };
		0ED9F84C29ADF76A0042BCFC /* es */ = {isa = PBXFileReference; lastKnownFileType = text.plist.strings; name = es; path = Languages/es.lproj/Localizable.strings; sourceTree = "<group>"; };
		0ED9F85029ADFE240042BCFC /* fa */ = {isa = PBXFileReference; lastKnownFileType = text.plist.strings; name = fa; path = Localizable.strings; sourceTree = "<group>"; };
		0ED9F85329ADFE240042BCFC /* es */ = {isa = PBXFileReference; lastKnownFileType = text.plist.strings; name = es; path = Localizable.strings; sourceTree = "<group>"; };
		0ED9F85629ADFE240042BCFC /* it */ = {isa = PBXFileReference; lastKnownFileType = text.plist.strings; name = it; path = "Localizable(italiano).strings"; sourceTree = "<group>"; };
		0ED9F85829ADFE240042BCFC /* it */ = {isa = PBXFileReference; lastKnownFileType = text.plist.strings; name = it; path = Localizable.strings; sourceTree = "<group>"; };
		0ED9F85A29ADFE240042BCFC /* it */ = {isa = PBXFileReference; lastKnownFileType = text.plist.strings; name = it; path = InfoPlist.strings; sourceTree = "<group>"; };
		0ED9F85D29ADFE240042BCFC /* en */ = {isa = PBXFileReference; lastKnownFileType = text.plist.strings; name = en; path = "Localizable(italiano).strings"; sourceTree = "<group>"; };
		0ED9F85F29ADFE240042BCFC /* en */ = {isa = PBXFileReference; lastKnownFileType = text.plist.strings; name = en; path = Localizable.strings; sourceTree = "<group>"; };
		0EDCD072299A4EF100E4AF25 /* MC3.app */ = {isa = PBXFileReference; explicitFileType = wrapper.application; includeInIndex = 0; path = MC3.app; sourceTree = BUILT_PRODUCTS_DIR; };
		0EDCD075299A4EF100E4AF25 /* MC3App.swift */ = {isa = PBXFileReference; lastKnownFileType = sourcecode.swift; path = MC3App.swift; sourceTree = "<group>"; };
		0EDCD077299A4EF100E4AF25 /* LibraryView.swift */ = {isa = PBXFileReference; lastKnownFileType = sourcecode.swift; path = LibraryView.swift; sourceTree = "<group>"; };
		0EDCD079299A4EF200E4AF25 /* Assets.xcassets */ = {isa = PBXFileReference; lastKnownFileType = folder.assetcatalog; path = Assets.xcassets; sourceTree = "<group>"; };
		0EDCD07C299A4EF200E4AF25 /* Preview Assets.xcassets */ = {isa = PBXFileReference; lastKnownFileType = folder.assetcatalog; path = "Preview Assets.xcassets"; sourceTree = "<group>"; };
		0EF5011B29ADFF92009F6C1F /* it */ = {isa = PBXFileReference; lastKnownFileType = text.plist.strings; name = it; path = Languages/it.lproj/Localizable.strings; sourceTree = "<group>"; };
/* End PBXFileReference section */

/* Begin PBXFrameworksBuildPhase section */
		0EDCD06F299A4EF100E4AF25 /* Frameworks */ = {
			isa = PBXFrameworksBuildPhase;
			buildActionMask = 2147483647;
			files = (
				0E7F163C29ACC2AE0067AEA2 /* MidiParser in Frameworks */,
				0ECBA2E929A97E56009BA16C /* MusicXML in Frameworks */,
			);
			runOnlyForDeploymentPostprocessing = 0;
		};
/* End PBXFrameworksBuildPhase section */

/* Begin PBXGroup section */
		0E7F161129ACC0910067AEA2 /* Audio Fonts */ = {
			isa = PBXGroup;
			children = (
				0E7F161229ACC0D70067AEA2 /* YDP-GrandPiano-20160804.sf2 */,
			);
			path = "Audio Fonts";
			sourceTree = "<group>";
		};
		0E7F161829ACC2000067AEA2 /* Score Elements */ = {
			isa = PBXGroup;
			children = (
				0E7F161929ACC2000067AEA2 /* WorkScore.swift */,
				0E7F161A29ACC2000067AEA2 /* NoteScore.swift */,
				0E7F161B29ACC2000067AEA2 /* BeatTypeModel.swift */,
				0E7F161C29ACC2000067AEA2 /* PartScore.swift */,
				0E7F161D29ACC2000067AEA2 /* ParserBase.swift */,
				0E7F161E29ACC2000067AEA2 /* BackupScore.swift */,
				0E7F161F29ACC2000067AEA2 /* ScorePartwise.swift */,
				0E7F162029ACC2000067AEA2 /* TimeScore.swift */,
				0E7F162129ACC2000067AEA2 /* ClefScore.swift */,
				0E7F162229ACC2000067AEA2 /* NotationsScore.swift */,
				0E7F162329ACC2000067AEA2 /* KeyScore.swift */,
				0E7F162429ACC2000067AEA2 /* MeasureScore.swift */,
				0E7F162529ACC2000067AEA2 /* PitchScore.swift */,
				0E7F162629ACC2000067AEA2 /* AttributeScore.swift */,
			);
			name = "Score Elements";
			path = "MC3/Manager/Score Elements";
			sourceTree = SOURCE_ROOT;
		};
		0E7F163529ACC2460067AEA2 /* Manager */ = {
			isa = PBXGroup;
			children = (
				0E7F163729ACC2600067AEA2 /* MusicManager.swift */,
				0E7F163629ACC2600067AEA2 /* ParserManager.swift */,
				0E7F161829ACC2000067AEA2 /* Score Elements */,
			);
			path = Manager;
			sourceTree = "<group>";
		};
		0E7F163D29ACC2B80067AEA2 /* MusicXML files */ = {
			isa = PBXGroup;
			children = (
				0E7F164429ACC2E60067AEA2 /* BrahWiMeSample.musicxml */,
				0E7F164129ACC2E60067AEA2 /* BrookeWestSample.musicxml */,
				0E7F163F29ACC2E60067AEA2 /* Chant.musicxml */,
				0E7F163E29ACC2E60067AEA2 /* Echigo-Jishi.musicxml */,
				0E7F164229ACC2E60067AEA2 /* for_elise_by_beethoven.musicxml */,
				0E7F164629ACC2E60067AEA2 /* HelloWorld.musicxml */,
				0E7F164529ACC2E60067AEA2 /* MozaChloSample.musicxml */,
				0E7F164029ACC2E60067AEA2 /* MozartPianoSonata.musicxml */,
				0E7F164329ACC2E60067AEA2 /* test5.musicxml */,
			);
			path = "MusicXML files";
			sourceTree = "<group>";
		};
		0E7F165029ACC3120067AEA2 /* ScoreModels */ = {
			isa = PBXGroup;
			children = (
				0E7F165129ACC3340067AEA2 /* MidiModel.swift */,
				0E7F165329ACC3340067AEA2 /* ScoreFinalModel.swift */,
				0E7F165229ACC3340067AEA2 /* ScoreModel2.swift */,
				0E7F161629ACC1B70067AEA2 /* ScaleModel.swift */,
			);
			path = ScoreModels;
			sourceTree = "<group>";
		};
		0EAFED9329A8C93300EFAD2B /* View */ = {
			isa = PBXGroup;
			children = (
				0EDCD077299A4EF100E4AF25 /* LibraryView.swift */,
				0ECBA2E229A969BB009BA16C /* ScoreView.swift */,
				0EB092CA29AA2BF00041C330 /* SettingView.swift */,
			);
			path = View;
			sourceTree = "<group>";
		};
		0EAFED9429A8DB3800EFAD2B /* Model */ = {
			isa = PBXGroup;
			children = (
				0E7F165029ACC3120067AEA2 /* ScoreModels */,
				0ECBA2E429A97C5B009BA16C /* ScoreModel.swift */,
				0EB0970D29A7DEC500D3EDD3 /* Database.xcdatamodeld */,
				0EB0971029A7DECF00D3EDD3 /* Persistence.swift */,
			);
			path = Model;
			sourceTree = "<group>";
		};
		0EAFED9929A8FEDC00EFAD2B /* ViewModel */ = {
			isa = PBXGroup;
			children = (
				0EAFED9529A8DB6E00EFAD2B /* ScoreStore.swift */,
			);
			path = ViewModel;
			sourceTree = "<group>";
		};
		0ED4ABB529ACC41A001D6C10 /* Metronome */ = {
			isa = PBXGroup;
			children = (
				0ED4ABB729ACC41A001D6C10 /* beatDown.wav */,
				0ED4ABB829ACC41A001D6C10 /* beatUp.wav */,
				0ED4ABB629ACC41A001D6C10 /* Model.swift */,
			);
			path = Metronome;
			sourceTree = "<group>";
		};
		0ED9F84D29ADFDFE0042BCFC /* Languages */ = {
			isa = PBXGroup;
			children = (
				0ED9F85B29ADFE240042BCFC /* en.lproj */,
				0ED9F85129ADFE240042BCFC /* es.lproj */,
				0ED9F84E29ADFE240042BCFC /* fa.lproj */,
				0ED9F85429ADFE240042BCFC /* it.lproj */,
			);
			path = Languages;
			sourceTree = "<group>";
		};
		0ED9F84E29ADFE240042BCFC /* fa.lproj */ = {
			isa = PBXGroup;
			children = (
				0ED9F84F29ADFE240042BCFC /* Localizable.strings */,
			);
			name = fa.lproj;
			path = MC3/Languages/fa.lproj;
			sourceTree = SOURCE_ROOT;
		};
		0ED9F85129ADFE240042BCFC /* es.lproj */ = {
			isa = PBXGroup;
			children = (
				0ED9F85229ADFE240042BCFC /* Localizable.strings */,
			);
			name = es.lproj;
			path = MC3/Languages/es.lproj;
			sourceTree = SOURCE_ROOT;
		};
		0ED9F85429ADFE240042BCFC /* it.lproj */ = {
			isa = PBXGroup;
			children = (
				0ED9F85529ADFE240042BCFC /* Localizable(italiano).strings */,
				0ED9F85729ADFE240042BCFC /* Localizable.strings */,
				0ED9F85929ADFE240042BCFC /* InfoPlist.strings */,
			);
			name = it.lproj;
			path = MC3/Languages/it.lproj;
			sourceTree = SOURCE_ROOT;
		};
		0ED9F85B29ADFE240042BCFC /* en.lproj */ = {
			isa = PBXGroup;
			children = (
				0ED9F85C29ADFE240042BCFC /* Localizable(italiano).strings */,
				0ED9F85E29ADFE240042BCFC /* Localizable.strings */,
			);
			name = en.lproj;
			path = MC3/Languages/en.lproj;
			sourceTree = SOURCE_ROOT;
		};
		0EDCD069299A4EF100E4AF25 = {
			isa = PBXGroup;
			children = (
				0EDCD074299A4EF100E4AF25 /* MC3 */,
				0EDCD073299A4EF100E4AF25 /* Products */,
			);
			sourceTree = "<group>";
		};
		0EDCD073299A4EF100E4AF25 /* Products */ = {
			isa = PBXGroup;
			children = (
				0EDCD072299A4EF100E4AF25 /* MC3.app */,
			);
			name = Products;
			sourceTree = "<group>";
		};
		0EDCD074299A4EF100E4AF25 /* MC3 */ = {
			isa = PBXGroup;
			children = (
				0ED9F84D29ADFDFE0042BCFC /* Languages */,
				0E7F163D29ACC2B80067AEA2 /* MusicXML files */,
				0E7F163529ACC2460067AEA2 /* Manager */,
				0ECBA2E129A954BE009BA16C /* MC3.entitlements */,
				0EB0971229A7E05B00D3EDD3 /* Info.plist */,
				0ED9F84529ADF42D0042BCFC /* Localizable.strings */,
				0EDCD075299A4EF100E4AF25 /* MC3App.swift */,
				0EAFED9329A8C93300EFAD2B /* View */,
				0EDCD079299A4EF200E4AF25 /* Assets.xcassets */,
				0EDCD07B299A4EF200E4AF25 /* Preview Content */,
				0EAFED9429A8DB3800EFAD2B /* Model */,
				0E7F161129ACC0910067AEA2 /* Audio Fonts */,
				0ED4ABB529ACC41A001D6C10 /* Metronome */,
				0EAFED9929A8FEDC00EFAD2B /* ViewModel */,
			);
			path = MC3;
			sourceTree = "<group>";
		};
		0EDCD07B299A4EF200E4AF25 /* Preview Content */ = {
			isa = PBXGroup;
			children = (
				0EDCD07C299A4EF200E4AF25 /* Preview Assets.xcassets */,
			);
			path = "Preview Content";
			sourceTree = "<group>";
		};
/* End PBXGroup section */

/* Begin PBXNativeTarget section */
		0EDCD071299A4EF100E4AF25 /* MC3 */ = {
			isa = PBXNativeTarget;
			buildConfigurationList = 0EDCD080299A4EF200E4AF25 /* Build configuration list for PBXNativeTarget "MC3" */;
			buildPhases = (
				0EDCD06E299A4EF100E4AF25 /* Sources */,
				0EDCD06F299A4EF100E4AF25 /* Frameworks */,
				0EDCD070299A4EF100E4AF25 /* Resources */,
			);
			buildRules = (
			);
			dependencies = (
			);
			name = MC3;
			packageProductDependencies = (
				0ECBA2E829A97E56009BA16C /* MusicXML */,
				0E7F163B29ACC2AE0067AEA2 /* MidiParser */,
			);
			productName = MC3;
			productReference = 0EDCD072299A4EF100E4AF25 /* MC3.app */;
			productType = "com.apple.product-type.application";
		};
/* End PBXNativeTarget section */

/* Begin PBXProject section */
		0EDCD06A299A4EF100E4AF25 /* Project object */ = {
			isa = PBXProject;
			attributes = {
				BuildIndependentTargetsInParallel = 1;
				LastSwiftUpdateCheck = 1410;
				LastUpgradeCheck = 1410;
				TargetAttributes = {
					0EDCD071299A4EF100E4AF25 = {
						CreatedOnToolsVersion = 14.1;
					};
				};
			};
			buildConfigurationList = 0EDCD06D299A4EF100E4AF25 /* Build configuration list for PBXProject "MC3" */;
			compatibilityVersion = "Xcode 14.0";
			developmentRegion = en;
			hasScannedForEncodings = 0;
			knownRegions = (
				en,
				Base,
				it,
				fa,
				es,
			);
			mainGroup = 0EDCD069299A4EF100E4AF25;
			packageReferences = (
				0ECBA2E729A97E56009BA16C /* XCRemoteSwiftPackageReference "MusicXML" */,
				0E7F163A29ACC2AE0067AEA2 /* XCRemoteSwiftPackageReference "MidiParser" */,
			);
			productRefGroup = 0EDCD073299A4EF100E4AF25 /* Products */;
			projectDirPath = "";
			projectRoot = "";
			targets = (
				0EDCD071299A4EF100E4AF25 /* MC3 */,
			);
		};
/* End PBXProject section */

/* Begin PBXResourcesBuildPhase section */
		0EDCD070299A4EF100E4AF25 /* Resources */ = {
			isa = PBXResourcesBuildPhase;
			buildActionMask = 2147483647;
			files = (
				0ED9F86129ADFE240042BCFC /* Localizable.strings in Resources */,
				0E7F164D29ACC2E60067AEA2 /* BrahWiMeSample.musicxml in Resources */,
				0ED4ABBB29ACC41A001D6C10 /* beatUp.wav in Resources */,
				0E7F164B29ACC2E60067AEA2 /* for_elise_by_beethoven.musicxml in Resources */,
				0E7F164E29ACC2E60067AEA2 /* MozaChloSample.musicxml in Resources */,
				0ED4ABBA29ACC41A001D6C10 /* beatDown.wav in Resources */,
				0E7F164F29ACC2E60067AEA2 /* HelloWorld.musicxml in Resources */,
				0E7F164929ACC2E60067AEA2 /* MozartPianoSonata.musicxml in Resources */,
				0E7F164C29ACC2E60067AEA2 /* test5.musicxml in Resources */,
				0ED9F86429ADFE240042BCFC /* InfoPlist.strings in Resources */,
				0E7F164729ACC2E60067AEA2 /* Echigo-Jishi.musicxml in Resources */,
				0E7F164A29ACC2E60067AEA2 /* BrookeWestSample.musicxml in Resources */,
				0ED9F86229ADFE240042BCFC /* Localizable(italiano).strings in Resources */,
				0ED9F86629ADFE240042BCFC /* Localizable.strings in Resources */,
				0EDCD07D299A4EF200E4AF25 /* Preview Assets.xcassets in Resources */,
				0ED9F86529ADFE240042BCFC /* Localizable(italiano).strings in Resources */,
				0E7F161329ACC0D70067AEA2 /* YDP-GrandPiano-20160804.sf2 in Resources */,
				0ED9F84929ADF42D0042BCFC /* Localizable.strings in Resources */,
				0ED9F86029ADFE240042BCFC /* Localizable.strings in Resources */,
				0ED9F86329ADFE240042BCFC /* Localizable.strings in Resources */,
				0E7F164829ACC2E60067AEA2 /* Chant.musicxml in Resources */,
				0EDCD07A299A4EF200E4AF25 /* Assets.xcassets in Resources */,
			);
			runOnlyForDeploymentPostprocessing = 0;
		};
/* End PBXResourcesBuildPhase section */

/* Begin PBXSourcesBuildPhase section */
		0EDCD06E299A4EF100E4AF25 /* Sources */ = {
			isa = PBXSourcesBuildPhase;
			buildActionMask = 2147483647;
			files = (
				0EB0970F29A7DEC500D3EDD3 /* Database.xcdatamodeld in Sources */,
				0E7F162E29ACC2000067AEA2 /* TimeScore.swift in Sources */,
				0EDCD078299A4EF100E4AF25 /* LibraryView.swift in Sources */,
				0EAFED9629A8DB6E00EFAD2B /* ScoreStore.swift in Sources */,
				0E7F165429ACC3340067AEA2 /* MidiModel.swift in Sources */,
				0EB092CB29AA2BF00041C330 /* SettingView.swift in Sources */,
				0E7F162829ACC2000067AEA2 /* NoteScore.swift in Sources */,
				0E7F163129ACC2000067AEA2 /* KeyScore.swift in Sources */,
				0E7F162929ACC2000067AEA2 /* BeatTypeModel.swift in Sources */,
				0EDCD076299A4EF100E4AF25 /* MC3App.swift in Sources */,
				0E7F163429ACC2000067AEA2 /* AttributeScore.swift in Sources */,
				0E7F162B29ACC2000067AEA2 /* ParserBase.swift in Sources */,
				0E7F163029ACC2000067AEA2 /* NotationsScore.swift in Sources */,
				0E7F162729ACC2000067AEA2 /* WorkScore.swift in Sources */,
				0E7F162D29ACC2000067AEA2 /* ScorePartwise.swift in Sources */,
				0EB0971129A7DECF00D3EDD3 /* Persistence.swift in Sources */,
				0E7F162A29ACC2000067AEA2 /* PartScore.swift in Sources */,
				0E7F163229ACC2000067AEA2 /* MeasureScore.swift in Sources */,
				0ECBA2E329A969BB009BA16C /* ScoreView.swift in Sources */,
				0E7F163329ACC2000067AEA2 /* PitchScore.swift in Sources */,
				0E7F163929ACC2600067AEA2 /* MusicManager.swift in Sources */,
				0E7F161729ACC1B70067AEA2 /* ScaleModel.swift in Sources */,
				0ECBA2E529A97C5B009BA16C /* ScoreModel.swift in Sources */,
				0E7F162F29ACC2000067AEA2 /* ClefScore.swift in Sources */,
				0E7F165529ACC3340067AEA2 /* ScoreModel2.swift in Sources */,
				0ED4ABB929ACC41A001D6C10 /* Model.swift in Sources */,
				0E7F163829ACC2600067AEA2 /* ParserManager.swift in Sources */,
				0E7F162C29ACC2000067AEA2 /* BackupScore.swift in Sources */,
				0E7F165629ACC3340067AEA2 /* ScoreFinalModel.swift in Sources */,
			);
			runOnlyForDeploymentPostprocessing = 0;
		};
/* End PBXSourcesBuildPhase section */

/* Begin PBXVariantGroup section */
		0ED9F84529ADF42D0042BCFC /* Localizable.strings */ = {
			isa = PBXVariantGroup;
			children = (
				0ED9F84729ADF42D0042BCFC /* fa */,
				0ED9F84829ADF42D0042BCFC /* en */,
				0ED9F84C29ADF76A0042BCFC /* es */,
				0EF5011B29ADFF92009F6C1F /* it */,
			);
			name = Localizable.strings;
			sourceTree = "<group>";
		};
		0ED9F84F29ADFE240042BCFC /* Localizable.strings */ = {
			isa = PBXVariantGroup;
			children = (
				0ED9F85029ADFE240042BCFC /* fa */,
			);
			name = Localizable.strings;
			sourceTree = "<group>";
		};
		0ED9F85229ADFE240042BCFC /* Localizable.strings */ = {
			isa = PBXVariantGroup;
			children = (
				0ED9F85329ADFE240042BCFC /* es */,
			);
			name = Localizable.strings;
			sourceTree = "<group>";
		};
		0ED9F85529ADFE240042BCFC /* Localizable(italiano).strings */ = {
			isa = PBXVariantGroup;
			children = (
				0ED9F85629ADFE240042BCFC /* it */,
			);
			name = "Localizable(italiano).strings";
			sourceTree = "<group>";
		};
		0ED9F85729ADFE240042BCFC /* Localizable.strings */ = {
			isa = PBXVariantGroup;
			children = (
				0ED9F85829ADFE240042BCFC /* it */,
			);
			name = Localizable.strings;
			sourceTree = "<group>";
		};
		0ED9F85929ADFE240042BCFC /* InfoPlist.strings */ = {
			isa = PBXVariantGroup;
			children = (
				0ED9F85A29ADFE240042BCFC /* it */,
			);
			name = InfoPlist.strings;
			sourceTree = "<group>";
		};
		0ED9F85C29ADFE240042BCFC /* Localizable(italiano).strings */ = {
			isa = PBXVariantGroup;
			children = (
				0ED9F85D29ADFE240042BCFC /* en */,
			);
			name = "Localizable(italiano).strings";
			sourceTree = "<group>";
		};
		0ED9F85E29ADFE240042BCFC /* Localizable.strings */ = {
			isa = PBXVariantGroup;
			children = (
				0ED9F85F29ADFE240042BCFC /* en */,
			);
			name = Localizable.strings;
			sourceTree = "<group>";
		};
/* End PBXVariantGroup section */

/* Begin XCBuildConfiguration section */
		0EDCD07E299A4EF200E4AF25 /* Debug */ = {
			isa = XCBuildConfiguration;
			buildSettings = {
				ALWAYS_SEARCH_USER_PATHS = NO;
				CLANG_ANALYZER_NONNULL = YES;
				CLANG_ANALYZER_NUMBER_OBJECT_CONVERSION = YES_AGGRESSIVE;
				CLANG_CXX_LANGUAGE_STANDARD = "gnu++20";
				CLANG_ENABLE_MODULES = YES;
				CLANG_ENABLE_OBJC_ARC = YES;
				CLANG_ENABLE_OBJC_WEAK = YES;
				CLANG_WARN_BLOCK_CAPTURE_AUTORELEASING = YES;
				CLANG_WARN_BOOL_CONVERSION = YES;
				CLANG_WARN_COMMA = YES;
				CLANG_WARN_CONSTANT_CONVERSION = YES;
				CLANG_WARN_DEPRECATED_OBJC_IMPLEMENTATIONS = YES;
				CLANG_WARN_DIRECT_OBJC_ISA_USAGE = YES_ERROR;
				CLANG_WARN_DOCUMENTATION_COMMENTS = YES;
				CLANG_WARN_EMPTY_BODY = YES;
				CLANG_WARN_ENUM_CONVERSION = YES;
				CLANG_WARN_INFINITE_RECURSION = YES;
				CLANG_WARN_INT_CONVERSION = YES;
				CLANG_WARN_NON_LITERAL_NULL_CONVERSION = YES;
				CLANG_WARN_OBJC_IMPLICIT_RETAIN_SELF = YES;
				CLANG_WARN_OBJC_LITERAL_CONVERSION = YES;
				CLANG_WARN_OBJC_ROOT_CLASS = YES_ERROR;
				CLANG_WARN_QUOTED_INCLUDE_IN_FRAMEWORK_HEADER = YES;
				CLANG_WARN_RANGE_LOOP_ANALYSIS = YES;
				CLANG_WARN_STRICT_PROTOTYPES = YES;
				CLANG_WARN_SUSPICIOUS_MOVE = YES;
				CLANG_WARN_UNGUARDED_AVAILABILITY = YES_AGGRESSIVE;
				CLANG_WARN_UNREACHABLE_CODE = YES;
				CLANG_WARN__DUPLICATE_METHOD_MATCH = YES;
				COPY_PHASE_STRIP = NO;
				DEBUG_INFORMATION_FORMAT = dwarf;
				ENABLE_STRICT_OBJC_MSGSEND = YES;
				ENABLE_TESTABILITY = YES;
				GCC_C_LANGUAGE_STANDARD = gnu11;
				GCC_DYNAMIC_NO_PIC = NO;
				GCC_NO_COMMON_BLOCKS = YES;
				GCC_OPTIMIZATION_LEVEL = 0;
				GCC_PREPROCESSOR_DEFINITIONS = (
					"DEBUG=1",
					"$(inherited)",
				);
				GCC_WARN_64_TO_32_BIT_CONVERSION = YES;
				GCC_WARN_ABOUT_RETURN_TYPE = YES_ERROR;
				GCC_WARN_UNDECLARED_SELECTOR = YES;
				GCC_WARN_UNINITIALIZED_AUTOS = YES_AGGRESSIVE;
				GCC_WARN_UNUSED_FUNCTION = YES;
				GCC_WARN_UNUSED_VARIABLE = YES;
				IPHONEOS_DEPLOYMENT_TARGET = 16.1;
				MTL_ENABLE_DEBUG_INFO = INCLUDE_SOURCE;
				MTL_FAST_MATH = YES;
				ONLY_ACTIVE_ARCH = YES;
				SDKROOT = iphoneos;
				SWIFT_ACTIVE_COMPILATION_CONDITIONS = DEBUG;
				SWIFT_OPTIMIZATION_LEVEL = "-Onone";
			};
			name = Debug;
		};
		0EDCD07F299A4EF200E4AF25 /* Release */ = {
			isa = XCBuildConfiguration;
			buildSettings = {
				ALWAYS_SEARCH_USER_PATHS = NO;
				CLANG_ANALYZER_NONNULL = YES;
				CLANG_ANALYZER_NUMBER_OBJECT_CONVERSION = YES_AGGRESSIVE;
				CLANG_CXX_LANGUAGE_STANDARD = "gnu++20";
				CLANG_ENABLE_MODULES = YES;
				CLANG_ENABLE_OBJC_ARC = YES;
				CLANG_ENABLE_OBJC_WEAK = YES;
				CLANG_WARN_BLOCK_CAPTURE_AUTORELEASING = YES;
				CLANG_WARN_BOOL_CONVERSION = YES;
				CLANG_WARN_COMMA = YES;
				CLANG_WARN_CONSTANT_CONVERSION = YES;
				CLANG_WARN_DEPRECATED_OBJC_IMPLEMENTATIONS = YES;
				CLANG_WARN_DIRECT_OBJC_ISA_USAGE = YES_ERROR;
				CLANG_WARN_DOCUMENTATION_COMMENTS = YES;
				CLANG_WARN_EMPTY_BODY = YES;
				CLANG_WARN_ENUM_CONVERSION = YES;
				CLANG_WARN_INFINITE_RECURSION = YES;
				CLANG_WARN_INT_CONVERSION = YES;
				CLANG_WARN_NON_LITERAL_NULL_CONVERSION = YES;
				CLANG_WARN_OBJC_IMPLICIT_RETAIN_SELF = YES;
				CLANG_WARN_OBJC_LITERAL_CONVERSION = YES;
				CLANG_WARN_OBJC_ROOT_CLASS = YES_ERROR;
				CLANG_WARN_QUOTED_INCLUDE_IN_FRAMEWORK_HEADER = YES;
				CLANG_WARN_RANGE_LOOP_ANALYSIS = YES;
				CLANG_WARN_STRICT_PROTOTYPES = YES;
				CLANG_WARN_SUSPICIOUS_MOVE = YES;
				CLANG_WARN_UNGUARDED_AVAILABILITY = YES_AGGRESSIVE;
				CLANG_WARN_UNREACHABLE_CODE = YES;
				CLANG_WARN__DUPLICATE_METHOD_MATCH = YES;
				COPY_PHASE_STRIP = NO;
				DEBUG_INFORMATION_FORMAT = "dwarf-with-dsym";
				ENABLE_NS_ASSERTIONS = NO;
				ENABLE_STRICT_OBJC_MSGSEND = YES;
				GCC_C_LANGUAGE_STANDARD = gnu11;
				GCC_NO_COMMON_BLOCKS = YES;
				GCC_WARN_64_TO_32_BIT_CONVERSION = YES;
				GCC_WARN_ABOUT_RETURN_TYPE = YES_ERROR;
				GCC_WARN_UNDECLARED_SELECTOR = YES;
				GCC_WARN_UNINITIALIZED_AUTOS = YES_AGGRESSIVE;
				GCC_WARN_UNUSED_FUNCTION = YES;
				GCC_WARN_UNUSED_VARIABLE = YES;
				IPHONEOS_DEPLOYMENT_TARGET = 16.1;
				MTL_ENABLE_DEBUG_INFO = NO;
				MTL_FAST_MATH = YES;
				SDKROOT = iphoneos;
				SWIFT_COMPILATION_MODE = wholemodule;
				SWIFT_OPTIMIZATION_LEVEL = "-O";
				VALIDATE_PRODUCT = YES;
			};
			name = Release;
		};
		0EDCD081299A4EF200E4AF25 /* Debug */ = {
			isa = XCBuildConfiguration;
			buildSettings = {
				ASSETCATALOG_COMPILER_APPICON_NAME = AppIcon;
				ASSETCATALOG_COMPILER_GLOBAL_ACCENT_COLOR_NAME = AccentColor;
				CODE_SIGN_ENTITLEMENTS = MC3/MC3.entitlements;
				CODE_SIGN_STYLE = Automatic;
				CURRENT_PROJECT_VERSION = 1;
				DEVELOPMENT_ASSET_PATHS = "\"MC3/Preview Content\"";
				DEVELOPMENT_TEAM = 2MD4NXFV5G;
				ENABLE_PREVIEWS = YES;
				GENERATE_INFOPLIST_FILE = YES;
				INFOPLIST_FILE = MC3/Info.plist;
				INFOPLIST_KEY_UIApplicationSupportsIndirectInputEvents = YES;
				INFOPLIST_KEY_UILaunchScreen_Generation = YES;
				INFOPLIST_KEY_UISupportedInterfaceOrientations_iPad = "UIInterfaceOrientationPortrait UIInterfaceOrientationPortraitUpsideDown UIInterfaceOrientationLandscapeLeft UIInterfaceOrientationLandscapeRight";
				INFOPLIST_KEY_UISupportedInterfaceOrientations_iPhone = "UIInterfaceOrientationPortrait UIInterfaceOrientationLandscapeLeft UIInterfaceOrientationLandscapeRight";
				LD_RUNPATH_SEARCH_PATHS = (
					"$(inherited)",
					"@executable_path/Frameworks",
				);
				MARKETING_VERSION = 1.0.0;
				PRODUCT_BUNDLE_IDENTIFIER = com.Asse.MC3;
				PRODUCT_NAME = "$(TARGET_NAME)";
				SUPPORTED_PLATFORMS = "iphoneos iphonesimulator";
				SUPPORTS_MACCATALYST = NO;
				SUPPORTS_MAC_DESIGNED_FOR_IPHONE_IPAD = NO;
				SWIFT_EMIT_LOC_STRINGS = YES;
				SWIFT_VERSION = 5.0;
				TARGETED_DEVICE_FAMILY = "1,2";
			};
			name = Debug;
		};
		0EDCD082299A4EF200E4AF25 /* Release */ = {
			isa = XCBuildConfiguration;
			buildSettings = {
				ASSETCATALOG_COMPILER_APPICON_NAME = AppIcon;
				ASSETCATALOG_COMPILER_GLOBAL_ACCENT_COLOR_NAME = AccentColor;
				CODE_SIGN_ENTITLEMENTS = MC3/MC3.entitlements;
				CODE_SIGN_STYLE = Automatic;
				CURRENT_PROJECT_VERSION = 1;
				DEVELOPMENT_ASSET_PATHS = "\"MC3/Preview Content\"";
				DEVELOPMENT_TEAM = 2MD4NXFV5G;
				ENABLE_PREVIEWS = YES;
				GENERATE_INFOPLIST_FILE = YES;
				INFOPLIST_FILE = MC3/Info.plist;
				INFOPLIST_KEY_UIApplicationSupportsIndirectInputEvents = YES;
				INFOPLIST_KEY_UILaunchScreen_Generation = YES;
				INFOPLIST_KEY_UISupportedInterfaceOrientations_iPad = "UIInterfaceOrientationPortrait UIInterfaceOrientationPortraitUpsideDown UIInterfaceOrientationLandscapeLeft UIInterfaceOrientationLandscapeRight";
				INFOPLIST_KEY_UISupportedInterfaceOrientations_iPhone = "UIInterfaceOrientationPortrait UIInterfaceOrientationLandscapeLeft UIInterfaceOrientationLandscapeRight";
				LD_RUNPATH_SEARCH_PATHS = (
					"$(inherited)",
					"@executable_path/Frameworks",
				);
				MARKETING_VERSION = 1.0.0;
				PRODUCT_BUNDLE_IDENTIFIER = com.Asse.MC3;
				PRODUCT_NAME = "$(TARGET_NAME)";
				SUPPORTED_PLATFORMS = "iphoneos iphonesimulator";
				SUPPORTS_MACCATALYST = NO;
				SUPPORTS_MAC_DESIGNED_FOR_IPHONE_IPAD = NO;
				SWIFT_EMIT_LOC_STRINGS = YES;
				SWIFT_VERSION = 5.0;
				TARGETED_DEVICE_FAMILY = "1,2";
			};
			name = Release;
		};
/* End XCBuildConfiguration section */

/* Begin XCConfigurationList section */
		0EDCD06D299A4EF100E4AF25 /* Build configuration list for PBXProject "MC3" */ = {
			isa = XCConfigurationList;
			buildConfigurations = (
				0EDCD07E299A4EF200E4AF25 /* Debug */,
				0EDCD07F299A4EF200E4AF25 /* Release */,
			);
			defaultConfigurationIsVisible = 0;
			defaultConfigurationName = Release;
		};
		0EDCD080299A4EF200E4AF25 /* Build configuration list for PBXNativeTarget "MC3" */ = {
			isa = XCConfigurationList;
			buildConfigurations = (
				0EDCD081299A4EF200E4AF25 /* Debug */,
				0EDCD082299A4EF200E4AF25 /* Release */,
			);
			defaultConfigurationIsVisible = 0;
			defaultConfigurationName = Release;
		};
/* End XCConfigurationList section */

/* Begin XCRemoteSwiftPackageReference section */
		0E7F163A29ACC2AE0067AEA2 /* XCRemoteSwiftPackageReference "MidiParser" */ = {
			isa = XCRemoteSwiftPackageReference;
			repositoryURL = "https://github.com/matsune/MidiParser";
			requirement = {
				branch = master;
				kind = branch;
			};
		};
		0ECBA2E729A97E56009BA16C /* XCRemoteSwiftPackageReference "MusicXML" */ = {
			isa = XCRemoteSwiftPackageReference;
			repositoryURL = "https://github.com/dn-m/MusicXML";
			requirement = {
				branch = latest;
				kind = branch;
			};
		};
/* End XCRemoteSwiftPackageReference section */

/* Begin XCSwiftPackageProductDependency section */
		0E7F163B29ACC2AE0067AEA2 /* MidiParser */ = {
			isa = XCSwiftPackageProductDependency;
			package = 0E7F163A29ACC2AE0067AEA2 /* XCRemoteSwiftPackageReference "MidiParser" */;
			productName = MidiParser;
		};
		0ECBA2E829A97E56009BA16C /* MusicXML */ = {
			isa = XCSwiftPackageProductDependency;
			package = 0ECBA2E729A97E56009BA16C /* XCRemoteSwiftPackageReference "MusicXML" */;
			productName = MusicXML;
		};
/* End XCSwiftPackageProductDependency section */

/* Begin XCVersionGroup section */
		0EB0970D29A7DEC500D3EDD3 /* Database.xcdatamodeld */ = {
			isa = XCVersionGroup;
			children = (
				0EB0970E29A7DEC500D3EDD3 /* Database.xcdatamodel */,
			);
			currentVersion = 0EB0970E29A7DEC500D3EDD3 /* Database.xcdatamodel */;
			path = Database.xcdatamodeld;
			sourceTree = "<group>";
			versionGroupType = wrapper.xcdatamodel;
		};
/* End XCVersionGroup section */
	};
	rootObject = 0EDCD06A299A4EF100E4AF25 /* Project object */;
}
